// !$*UTF8*$!
{
	archiveVersion = 1;
	classes = {
	};
	objectVersion = 46;
	objects = {

/* Begin PBXBuildFile section */
		AE42B5201EB378F7003E6DAF /* Utilities.swift in Sources */ = {isa = PBXBuildFile; fileRef = AE42B51F1EB378F7003E6DAF /* Utilities.swift */; };
		DC42651F1EB22A2900E2D1D7 /* AppDelegate.swift in Sources */ = {isa = PBXBuildFile; fileRef = DC42651E1EB22A2900E2D1D7 /* AppDelegate.swift */; };
		DC4265211EB22A2900E2D1D7 /* ViewController.swift in Sources */ = {isa = PBXBuildFile; fileRef = DC4265201EB22A2900E2D1D7 /* ViewController.swift */; };
		DC4265241EB22A2900E2D1D7 /* Main.storyboard in Resources */ = {isa = PBXBuildFile; fileRef = DC4265221EB22A2900E2D1D7 /* Main.storyboard */; };
		DC4265261EB22A2900E2D1D7 /* Assets.xcassets in Resources */ = {isa = PBXBuildFile; fileRef = DC4265251EB22A2900E2D1D7 /* Assets.xcassets */; };
		DC4265291EB22A2900E2D1D7 /* LaunchScreen.storyboard in Resources */ = {isa = PBXBuildFile; fileRef = DC4265271EB22A2900E2D1D7 /* LaunchScreen.storyboard */; };
/* End PBXBuildFile section */

/* Begin PBXFileReference section */
		AE42B51F1EB378F7003E6DAF /* Utilities.swift */ = {isa = PBXFileReference; fileEncoding = 4; lastKnownFileType = sourcecode.swift; name = Utilities.swift; path = ../Utilities.swift; sourceTree = "<group>"; };
		DC42651B1EB22A2900E2D1D7 /* UIDevie.app */ = {isa = PBXFileReference; explicitFileType = wrapper.application; includeInIndex = 0; path = UIDevie.app; sourceTree = BUILT_PRODUCTS_DIR; };
		DC42651E1EB22A2900E2D1D7 /* AppDelegate.swift */ = {isa = PBXFileReference; lastKnownFileType = sourcecode.swift; path = AppDelegate.swift; sourceTree = "<group>"; };
		DC4265201EB22A2900E2D1D7 /* ViewController.swift */ = {isa = PBXFileReference; lastKnownFileType = sourcecode.swift; path = ViewController.swift; sourceTree = "<group>"; };
		DC4265231EB22A2900E2D1D7 /* Base */ = {isa = PBXFileReference; lastKnownFileType = file.storyboard; name = Base; path = Base.lproj/Main.storyboard; sourceTree = "<group>"; };
		DC4265251EB22A2900E2D1D7 /* Assets.xcassets */ = {isa = PBXFileReference; lastKnownFileType = folder.assetcatalog; path = Assets.xcassets; sourceTree = "<group>"; };
		DC4265281EB22A2900E2D1D7 /* Base */ = {isa = PBXFileReference; lastKnownFileType = file.storyboard; name = Base; path = Base.lproj/LaunchScreen.storyboard; sourceTree = "<group>"; };
		DC42652A1EB22A2900E2D1D7 /* Info.plist */ = {isa = PBXFileReference; lastKnownFileType = text.plist.xml; path = Info.plist; sourceTree = "<group>"; };
/* End PBXFileReference section */

/* Begin PBXFrameworksBuildPhase section */
		DC4265181EB22A2900E2D1D7 /* Frameworks */ = {
			isa = PBXFrameworksBuildPhase;
			buildActionMask = 2147483647;
			files = (
			);
			runOnlyForDeploymentPostprocessing = 0;
		};
/* End PBXFrameworksBuildPhase section */

/* Begin PBXGroup section */
		DC4265121EB22A2900E2D1D7 = {
			isa = PBXGroup;
			children = (
				DC42651D1EB22A2900E2D1D7 /* UIDevie */,
				DC42651C1EB22A2900E2D1D7 /* Products */,
			);
			sourceTree = "<group>";
		};
		DC42651C1EB22A2900E2D1D7 /* Products */ = {
			isa = PBXGroup;
			children = (
				DC42651B1EB22A2900E2D1D7 /* UIDevie.app */,
			);
			name = Products;
			sourceTree = "<group>";
		};
		DC42651D1EB22A2900E2D1D7 /* UIDevie */ = {
			isa = PBXGroup;
			children = (
				DC42651E1EB22A2900E2D1D7 /* AppDelegate.swift */,
				AE42B51F1EB378F7003E6DAF /* Utilities.swift */,
				DC4265201EB22A2900E2D1D7 /* ViewController.swift */,
				DC4265221EB22A2900E2D1D7 /* Main.storyboard */,
				DC4265251EB22A2900E2D1D7 /* Assets.xcassets */,
				DC4265271EB22A2900E2D1D7 /* LaunchScreen.storyboard */,
				DC42652A1EB22A2900E2D1D7 /* Info.plist */,
			);
			path = UIDevie;
			sourceTree = "<group>";
		};
/* End PBXGroup section */

/* Begin PBXNativeTarget section */
		DC42651A1EB22A2900E2D1D7 /* UIDevie */ = {
			isa = PBXNativeTarget;
			buildConfigurationList = DC42652D1EB22A2900E2D1D7 /* Build configuration list for PBXNativeTarget "UIDevie" */;
			buildPhases = (
				DC4265171EB22A2900E2D1D7 /* Sources */,
				DC4265181EB22A2900E2D1D7 /* Frameworks */,
				DC4265191EB22A2900E2D1D7 /* Resources */,
			);
			buildRules = (
			);
			dependencies = (
			);
			name = UIDevie;
			productName = UIDevie;
			productReference = DC42651B1EB22A2900E2D1D7 /* UIDevie.app */;
			productType = "com.apple.product-type.application";
		};
/* End PBXNativeTarget section */

/* Begin PBXProject section */
		DC4265131EB22A2900E2D1D7 /* Project object */ = {
			isa = PBXProject;
			attributes = {
				LastSwiftUpdateCheck = 0830;
				LastUpgradeCheck = 0830;
				ORGANIZATIONNAME = SmallHappy;
				TargetAttributes = {
					DC42651A1EB22A2900E2D1D7 = {
						CreatedOnToolsVersion = 8.3.2;
						ProvisioningStyle = Automatic;
					};
				};
			};
			buildConfigurationList = DC4265161EB22A2900E2D1D7 /* Build configuration list for PBXProject "UIDevie" */;
			compatibilityVersion = "Xcode 3.2";
			developmentRegion = English;
			hasScannedForEncodings = 0;
			knownRegions = (
				en,
				Base,
			);
			mainGroup = DC4265121EB22A2900E2D1D7;
			productRefGroup = DC42651C1EB22A2900E2D1D7 /* Products */;
			projectDirPath = "";
			projectRoot = "";
			targets = (
				DC42651A1EB22A2900E2D1D7 /* UIDevie */,
			);
		};
/* End PBXProject section */

/* Begin PBXResourcesBuildPhase section */
		DC4265191EB22A2900E2D1D7 /* Resources */ = {
			isa = PBXResourcesBuildPhase;
			buildActionMask = 2147483647;
			files = (
				DC4265291EB22A2900E2D1D7 /* LaunchScreen.storyboard in Resources */,
				DC4265261EB22A2900E2D1D7 /* Assets.xcassets in Resources */,
				DC4265241EB22A2900E2D1D7 /* Main.storyboard in Resources */,
			);
			runOnlyForDeploymentPostprocessing = 0;
		};
/* End PBXResourcesBuildPhase section */

/* Begin PBXSourcesBuildPhase section */
		DC4265171EB22A2900E2D1D7 /* Sources */ = {
			isa = PBXSourcesBuildPhase;
			buildActionMask = 2147483647;
			files = (
				AE42B5201EB378F7003E6DAF /* Utilities.swift in Sources */,
				DC4265211EB22A2900E2D1D7 /* ViewController.swift in Sources */,
				DC42651F1EB22A2900E2D1D7 /* AppDelegate.swift in Sources */,
			);
			runOnlyForDeploymentPostprocessing = 0;
		};
/* End PBXSourcesBuildPhase section */

/* Begin PBXVariantGroup section */
		DC4265221EB22A2900E2D1D7 /* Main.storyboard */ = {
			isa = PBXVariantGroup;
			children = (
				DC4265231EB22A2900E2D1D7 /* Base */,
			);
			name = Main.storyboard;
			sourceTree = "<group>";
		};
		DC4265271EB22A2900E2D1D7 /* LaunchScreen.storyboard */ = {
			isa = PBXVariantGroup;
			children = (
				DC4265281EB22A2900E2D1D7 /* Base */,
			);
			name = LaunchScreen.storyboard;
			sourceTree = "<group>";
		};
/* End PBXVariantGroup section */

/* Begin XCBuildConfiguration section */
		DC42652B1EB22A2900E2D1D7 /* Debug */ = {
			isa = XCBuildConfiguration;
			buildSettings = {
				ALWAYS_SEARCH_USER_PATHS = NO;
				CLANG_ANALYZER_NONNULL = YES;
				CLANG_ANALYZER_NUMBER_OBJECT_CONVERSION = YES_AGGRESSIVE;
				CLANG_CXX_LANGUAGE_STANDARD = "gnu++0x";
				CLANG_CXX_LIBRARY = "libc++";
				CLANG_ENABLE_MODULES = YES;
				CLANG_ENABLE_OBJC_ARC = YES;
				CLANG_WARN_BOOL_CONVERSION = YES;
				CLANG_WARN_CONSTANT_CONVERSION = YES;
				CLANG_WARN_DIRECT_OBJC_ISA_USAGE = YES_ERROR;
				CLANG_WARN_DOCUMENTATION_COMMENTS = YES;
				CLANG_WARN_EMPTY_BODY = YES;
				CLANG_WARN_ENUM_CONVERSION = YES;
				CLANG_WARN_INFINITE_RECURSION = YES;
				CLANG_WARN_INT_CONVERSION = YES;
				CLANG_WARN_OBJC_ROOT_CLASS = YES_ERROR;
				CLANG_WARN_SUSPICIOUS_MOVE = YES;
				CLANG_WARN_UNREACHABLE_CODE = YES;
				CLANG_WARN__DUPLICATE_METHOD_MATCH = YES;
				"CODE_SIGN_IDENTITY[sdk=iphoneos*]" = "iPhone Developer";
				COPY_PHASE_STRIP = NO;
				DEBUG_INFORMATION_FORMAT = dwarf;
				ENABLE_STRICT_OBJC_MSGSEND = YES;
				ENABLE_TESTABILITY = YES;
				GCC_C_LANGUAGE_STANDARD = gnu99;
				GCC_DYNAMIC_NO_PIC = NO;
				GCC_NO_COMMON_BLOCKS = YES;
				GCC_OPTIMIZATION_LEVEL = 0;
				GCC_PREPROCESSOR_DEFINITIONS = (
					"DEBUG=1",
					"$(inherited)",
				);
				GCC_WARN_64_TO_32_BIT_CONVERSION = YES;
				GCC_WARN_ABOUT_RETURN_TYPE = YES_ERROR;
				GCC_WARN_UNDECLARED_SELECTOR = YES;
				GCC_WARN_UNINITIALIZED_AUTOS = YES_AGGRESSIVE;
				GCC_WARN_UNUSED_FUNCTION = YES;
				GCC_WARN_UNUSED_VARIABLE = YES;
				IPHONEOS_DEPLOYMENT_TARGET = 10.3;
				MTL_ENABLE_DEBUG_INFO = YES;
				ONLY_ACTIVE_ARCH = YES;
				SDKROOT = iphoneos;
				SWIFT_ACTIVE_COMPILATION_CONDITIONS = DEBUG;
				SWIFT_OPTIMIZATION_LEVEL = "-Onone";
				TARGETED_DEVICE_FAMILY = "1,2";
			};
			name = Debug;
		};
		DC42652C1EB22A2900E2D1D7 /* Release */ = {
			isa = XCBuildConfiguration;
			buildSettings = {
				ALWAYS_SEARCH_USER_PATHS = NO;
				CLANG_ANALYZER_NONNULL = YES;
				CLANG_ANALYZER_NUMBER_OBJECT_CONVERSION = YES_AGGRESSIVE;
				CLANG_CXX_LANGUAGE_STANDARD = "gnu++0x";
				CLANG_CXX_LIBRARY = "libc++";
				CLANG_ENABLE_MODULES = YES;
				CLANG_ENABLE_OBJC_ARC = YES;
				CLANG_WARN_BOOL_CONVERSION = YES;
				CLANG_WARN_CONSTANT_CONVERSION = YES;
				CLANG_WARN_DIRECT_OBJC_ISA_USAGE = YES_ERROR;
				CLANG_WARN_DOCUMENTATION_COMMENTS = YES;
				CLANG_WARN_EMPTY_BODY = YES;
				CLANG_WARN_ENUM_CONVERSION = YES;
				CLANG_WARN_INFINITE_RECURSION = YES;
				CLANG_WARN_INT_CONVERSION = YES;
				CLANG_WARN_OBJC_ROOT_CLASS = YES_ERROR;
				CLANG_WARN_SUSPICIOUS_MOVE = YES;
				CLANG_WARN_UNREACHABLE_CODE = YES;
				CLANG_WARN__DUPLICATE_METHOD_MATCH = YES;
				"CODE_SIGN_IDENTITY[sdk=iphoneos*]" = "iPhone Developer";
				COPY_PHASE_STRIP = NO;
				DEBUG_INFORMATION_FORMAT = "dwarf-with-dsym";
				ENABLE_NS_ASSERTIONS = NO;
				ENABLE_STRICT_OBJC_MSGSEND = YES;
				GCC_C_LANGUAGE_STANDARD = gnu99;
				GCC_NO_COMMON_BLOCKS = YES;
				GCC_WARN_64_TO_32_BIT_CONVERSION = YES;
				GCC_WARN_ABOUT_RETURN_TYPE = YES_ERROR;
				GCC_WARN_UNDECLARED_SELECTOR = YES;
				GCC_WARN_UNINITIALIZED_AUTOS = YES_AGGRESSIVE;
				GCC_WARN_UNUSED_FUNCTION = YES;
				GCC_WARN_UNUSED_VARIABLE = YES;
				IPHONEOS_DEPLOYMENT_TARGET = 10.3;
				MTL_ENABLE_DEBUG_INFO = NO;
				SDKROOT = iphoneos;
				SWIFT_OPTIMIZATION_LEVEL = "-Owholemodule";
				TARGETED_DEVICE_FAMILY = "1,2";
				VALIDATE_PRODUCT = YES;
			};
			name = Release;
		};
		DC42652E1EB22A2900E2D1D7 /* Debug */ = {
			isa = XCBuildConfiguration;
			buildSettings = {
				ASSETCATALOG_COMPILER_APPICON_NAME = AppIcon;
				DEVELOPMENT_TEAM = "";
				INFOPLIST_FILE = UIDevie/Info.plist;
				IPHONEOS_DEPLOYMENT_TARGET = 10.2;
				LD_RUNPATH_SEARCH_PATHS = "$(inherited) @executable_path/Frameworks";
				PRODUCT_BUNDLE_IDENTIFIER = SmallHappy.UIDevie;
				PRODUCT_NAME = "$(TARGET_NAME)";
				SWIFT_VERSION = 3.0;
			};
			name = Debug;
		};
		DC42652F1EB22A2900E2D1D7 /* Release */ = {
			isa = XCBuildConfiguration;
			buildSettings = {
				ASSETCATALOG_COMPILER_APPICON_NAME = AppIcon;
				DEVELOPMENT_TEAM = "";
				INFOPLIST_FILE = UIDevie/Info.plist;
				IPHONEOS_DEPLOYMENT_TARGET = 10.2;
				LD_RUNPATH_SEARCH_PATHS = "$(inherited) @executable_path/Frameworks";
				PRODUCT_BUNDLE_IDENTIFIER = SmallHappy.UIDevie;
				PRODUCT_NAME = "$(TARGET_NAME)";
				SWIFT_VERSION = 3.0;
			};
			name = Release;
		};
/* End XCBuildConfiguration section */

/* Begin XCConfigurationList section */
		DC4265161EB22A2900E2D1D7 /* Build configuration list for PBXProject "UIDevie" */ = {
			isa = XCConfigurationList;
			buildConfigurations = (
				DC42652B1EB22A2900E2D1D7 /* Debug */,
				DC42652C1EB22A2900E2D1D7 /* Release */,
			);
			defaultConfigurationIsVisible = 0;
			defaultConfigurationName = Release;
		};
		DC42652D1EB22A2900E2D1D7 /* Build configuration list for PBXNativeTarget "UIDevie" */ = {
			isa = XCConfigurationList;
			buildConfigurations = (
				DC42652E1EB22A2900E2D1D7 /* Debug */,
				DC42652F1EB22A2900E2D1D7 /* Release */,
			);
			defaultConfigurationIsVisible = 0;
			defaultConfigurationName = Release;
		};
/* End XCConfigurationList section */
	};
	rootObject = DC4265131EB22A2900E2D1D7 /* Project object */;
}
